
Microsoft Visual Studio Solution File, Format Version 12.00
# Visual Studio Version 16
VisualStudioVersion = 16.0.29728.190
MinimumVisualStudioVersion = 10.0.40219.1
Project("{9A19103F-16F7-4668-BE54-9A1E7A4F7556}") = "ReCaptcha", "src\ReCaptcha\ReCaptcha.csproj", "{0553A2AB-29DC-4328-9F26-3537597C3C23}"
EndProject
Project("{9A19103F-16F7-4668-BE54-9A1E7A4F7556}") = "ReCaptcha.Tests", "tests\ReCaptcha.Tests\ReCaptcha.Tests.csproj", "{31DBD848-6012-4AA7-817B-7ED20DF6AF83}"
EndProject
Project("{2150E333-8FDC-42A3-9474-1A3956D46DE8}") = "Solution Items", "Solution Items", "{3A037F16-5150-43AA-80BD-872D99F3F94B}"
	ProjectSection(SolutionItems) = preProject
		.editorconfig = .editorconfig
	EndProjectSection
EndProject
Project("{FAE04EC0-301F-11D3-BF4B-00C04F79EFBC}") = "ReCaptcha.Sample", "Samples\ReCaptcha.Sample\ReCaptcha.Sample.csproj", "{EE5BAC2A-C21B-4405-8371-4C9203C7C831}"
EndProject
Global
	GlobalSection(SolutionConfigurationPlatforms) = preSolution
		Debug|Any CPU = Debug|Any CPU
		Release|Any CPU = Release|Any CPU
	EndGlobalSection
	GlobalSection(ProjectConfigurationPlatforms) = postSolution
		{0553A2AB-29DC-4328-9F26-3537597C3C23}.Debug|Any CPU.ActiveCfg = Debug|Any CPU
		{0553A2AB-29DC-4328-9F26-3537597C3C23}.Debug|Any CPU.Build.0 = Debug|Any CPU
		{0553A2AB-29DC-4328-9F26-3537597C3C23}.Release|Any CPU.ActiveCfg = Release|Any CPU
		{0553A2AB-29DC-4328-9F26-3537597C3C23}.Release|Any CPU.Build.0 = Release|Any CPU
		{31DBD848-6012-4AA7-817B-7ED20DF6AF83}.Debug|Any CPU.ActiveCfg = Debug|Any CPU
		{31DBD848-6012-4AA7-817B-7ED20DF6AF83}.Debug|Any CPU.Build.0 = Debug|Any CPU
		{31DBD848-6012-4AA7-817B-7ED20DF6AF83}.Release|Any CPU.ActiveCfg = Release|Any CPU
		{31DBD848-6012-4AA7-817B-7ED20DF6AF83}.Release|Any CPU.Build.0 = Release|Any CPU
		{EE5BAC2A-C21B-4405-8371-4C9203C7C831}.Debug|Any CPU.ActiveCfg = Debug|Any CPU
		{EE5BAC2A-C21B-4405-8371-4C9203C7C831}.Debug|Any CPU.Build.0 = Debug|Any CPU
		{EE5BAC2A-C21B-4405-8371-4C9203C7C831}.Release|Any CPU.ActiveCfg = Release|Any CPU
		{EE5BAC2A-C21B-4405-8371-4C9203C7C831}.Release|Any CPU.Build.0 = Release|Any CPU
	EndGlobalSection
	GlobalSection(SolutionProperties) = preSolution
		HideSolutionNode = FALSE
	EndGlobalSection
	GlobalSection(ExtensibilityGlobals) = postSolution
		SolutionGuid = {21D1F518-0B82-49BB-BE11-6D8BE811EE8A}
	EndGlobalSection
EndGlobal
